
Microsoft Visual Studio Solution File, Format Version 12.00
# Visual Studio Version 17
VisualStudioVersion = 17.0.31903.59
MinimumVisualStudioVersion = 10.0.40219.1
Project("{FAE04EC0-301F-11D3-BF4B-00C04F79EFBC}") = "SplitCents.Core", "src\SplitCents.Core\SplitCents.Core.csproj", "{8C4E2A6B-1F3D-4A7E-9C2B-5F8D1A4E6B3C}"
EndProject
Project("{2150E333-8FDC-42A3-9474-1A3956D46DE8}") = "tests", "tests", "{0AB3BF05-4346-4AA6-1389-037BE0695223}"
EndProject
Project("{2150E333-8FDC-42A3-9474-1A3956D46DE8}") = "SplitCents.Infrastructure.Tests", "SplitCents.Infrastructure.Tests", "{2846960B-458D-CC0E-C8DB-AC1015F792C2}"
EndProject
Project("{FAE04EC0-301F-11D3-BF4B-00C04F79EFBC}") = "SplitCents.Infrastructure.Tests", "tests\SplitCents.Infrastructure.Tests\SplitCents.Infrastructure.Tests.csproj", "{020A9082-2C92-4500-97E0-540DC3651BA5}"
EndProject
Project("{2150E333-8FDC-42A3-9474-1A3956D46DE8}") = "src", "src", "{827E0CD3-B72D-47B6-A68D-7590B98EB39B}"
EndProject
Project("{2150E333-8FDC-42A3-9474-1A3956D46DE8}") = "SplitCents.API", "SplitCents.API", "{069E58CB-8ACA-A971-A97F-25ADBC427534}"
EndProject
Project("{FAE04EC0-301F-11D3-BF4B-00C04F79EFBC}") = "SplitCents.API", "src\SplitCents.API\SplitCents.API.csproj", "{326385F0-92E5-46E3-B948-1B50B4FF010A}"
EndProject
Project("{FAE04EC0-301F-11D3-BF4B-00C04F79EFBC}") = "SplitCents.Infrastructure", "src\SplitCents.Infrastructure\SplitCents.Infrastructure.csproj", "{16DD7BEF-5073-46C1-8727-F0BF455980CE}"
EndProject
Project("{FAE04EC0-301F-11D3-BF4B-00C04F79EFBC}") = "SplitCents.Core.Tests", "tests\SplitCents.Core.Tests\SplitCents.Core.Tests.csproj", "{E535FC6C-2353-4D89-8998-2A95BD57190D}"
EndProject
Project("{FAE04EC0-301F-11D3-BF4B-00C04F79EFBC}") = "SplitCents.API.Tests", "tests\SplitCents.API.Tests\SplitCents.API.Tests.csproj", "{9EB53EB5-9EEB-4B13-B5E9-81D7AC9895BF}"
EndProject
Global
	GlobalSection(SolutionConfigurationPlatforms) = preSolution
		Debug|Any CPU = Debug|Any CPU
		Debug|x64 = Debug|x64
		Debug|x86 = Debug|x86
		Release|Any CPU = Release|Any CPU
		Release|x64 = Release|x64
		Release|x86 = Release|x86
	EndGlobalSection
	GlobalSection(ProjectConfigurationPlatforms) = postSolution
		{8C4E2A6B-1F3D-4A7E-9C2B-5F8D1A4E6B3C}.Debug|Any CPU.ActiveCfg = Debug|Any CPU
		{8C4E2A6B-1F3D-4A7E-9C2B-5F8D1A4E6B3C}.Debug|Any CPU.Build.0 = Debug|Any CPU
		{8C4E2A6B-1F3D-4A7E-9C2B-5F8D1A4E6B3C}.Debug|x64.ActiveCfg = Debug|Any CPU
		{8C4E2A6B-1F3D-4A7E-9C2B-5F8D1A4E6B3C}.Debug|x64.Build.0 = Debug|Any CPU
		{8C4E2A6B-1F3D-4A7E-9C2B-5F8D1A4E6B3C}.Debug|x86.ActiveCfg = Debug|Any CPU
		{8C4E2A6B-1F3D-4A7E-9C2B-5F8D1A4E6B3C}.Debug|x86.Build.0 = Debug|Any CPU
		{8C4E2A6B-1F3D-4A7E-9C2B-5F8D1A4E6B3C}.Release|Any CPU.ActiveCfg = Release|Any CPU
		{8C4E2A6B-1F3D-4A7E-9C2B-5F8D1A4E6B3C}.Release|Any CPU.Build.0 = Release|Any CPU
		{8C4E2A6B-1F3D-4A7E-9C2B-5F8D1A4E6B3C}.Release|x64.ActiveCfg = Release|Any CPU
		{8C4E2A6B-1F3D-4A7E-9C2B-5F8D1A4E6B3C}.Release|x64.Build.0 = Release|Any CPU
		{8C4E2A6B-1F3D-4A7E-9C2B-5F8D1A4E6B3C}.Release|x86.ActiveCfg = Release|Any CPU
		{8C4E2A6B-1F3D-4A7E-9C2B-5F8D1A4E6B3C}.Release|x86.Build.0 = Release|Any CPU
		{020A9082-2C92-4500-97E0-540DC3651BA5}.Debug|Any CPU.ActiveCfg = Debug|Any CPU
		{020A9082-2C92-4500-97E0-540DC3651BA5}.Debug|Any CPU.Build.0 = Debug|Any CPU
		{020A9082-2C92-4500-97E0-540DC3651BA5}.Debug|x64.ActiveCfg = Debug|Any CPU
		{020A9082-2C92-4500-97E0-540DC3651BA5}.Debug|x64.Build.0 = Debug|Any CPU
		{020A9082-2C92-4500-97E0-540DC3651BA5}.Debug|x86.ActiveCfg = Debug|Any CPU
		{020A9082-2C92-4500-97E0-540DC3651BA5}.Debug|x86.Build.0 = Debug|Any CPU
		{020A9082-2C92-4500-97E0-540DC3651BA5}.Release|Any CPU.ActiveCfg = Release|Any CPU
		{020A9082-2C92-4500-97E0-540DC3651BA5}.Release|Any CPU.Build.0 = Release|Any CPU
		{020A9082-2C92-4500-97E0-540DC3651BA5}.Release|x64.ActiveCfg = Release|Any CPU
		{020A9082-2C92-4500-97E0-540DC3651BA5}.Release|x64.Build.0 = Release|Any CPU
		{020A9082-2C92-4500-97E0-540DC3651BA5}.Release|x86.ActiveCfg = Release|Any CPU
		{020A9082-2C92-4500-97E0-540DC3651BA5}.Release|x86.Build.0 = Release|Any CPU
		{326385F0-92E5-46E3-B948-1B50B4FF010A}.Debug|Any CPU.ActiveCfg = Debug|Any CPU
		{326385F0-92E5-46E3-B948-1B50B4FF010A}.Debug|Any CPU.Build.0 = Debug|Any CPU
		{326385F0-92E5-46E3-B948-1B50B4FF010A}.Debug|x64.ActiveCfg = Debug|Any CPU
		{326385F0-92E5-46E3-B948-1B50B4FF010A}.Debug|x64.Build.0 = Debug|Any CPU
		{326385F0-92E5-46E3-B948-1B50B4FF010A}.Debug|x86.ActiveCfg = Debug|Any CPU
		{326385F0-92E5-46E3-B948-1B50B4FF010A}.Debug|x86.Build.0 = Debug|Any CPU
		{326385F0-92E5-46E3-B948-1B50B4FF010A}.Release|Any CPU.ActiveCfg = Release|Any CPU
		{326385F0-92E5-46E3-B948-1B50B4FF010A}.Release|Any CPU.Build.0 = Release|Any CPU
		{326385F0-92E5-46E3-B948-1B50B4FF010A}.Release|x64.ActiveCfg = Release|Any CPU
		{326385F0-92E5-46E3-B948-1B50B4FF010A}.Release|x64.Build.0 = Release|Any CPU
		{326385F0-92E5-46E3-B948-1B50B4FF010A}.Release|x86.ActiveCfg = Release|Any CPU
		{326385F0-92E5-46E3-B948-1B50B4FF010A}.Release|x86.Build.0 = Release|Any CPU
		{16DD7BEF-5073-46C1-8727-F0BF455980CE}.Debug|Any CPU.ActiveCfg = Debug|Any CPU
		{16DD7BEF-5073-46C1-8727-F0BF455980CE}.Debug|Any CPU.Build.0 = Debug|Any CPU
		{16DD7BEF-5073-46C1-8727-F0BF455980CE}.Debug|x64.ActiveCfg = Debug|Any CPU
		{16DD7BEF-5073-46C1-8727-F0BF455980CE}.Debug|x64.Build.0 = Debug|Any CPU
		{16DD7BEF-5073-46C1-8727-F0BF455980CE}.Debug|x86.ActiveCfg = Debug|Any CPU
		{16DD7BEF-5073-46C1-8727-F0BF455980CE}.Debug|x86.Build.0 = Debug|Any CPU
		{16DD7BEF-5073-46C1-8727-F0BF455980CE}.Release|Any CPU.ActiveCfg = Release|Any CPU
		{16DD7BEF-5073-46C1-8727-F0BF455980CE}.Release|Any CPU.Build.0 = Release|Any CPU
		{16DD7BEF-5073-46C1-8727-F0BF455980CE}.Release|x64.ActiveCfg = Release|Any CPU
		{16DD7BEF-5073-46C1-8727-F0BF455980CE}.Release|x64.Build.0 = Release|Any CPU
		{16DD7BEF-5073-46C1-8727-F0BF455980CE}.Release|x86.ActiveCfg = Release|Any CPU
		{16DD7BEF-5073-46C1-8727-F0BF455980CE}.Release|x86.Build.0 = Release|Any CPU
		{E535FC6C-2353-4D89-8998-2A95BD57190D}.Debug|Any CPU.ActiveCfg = Debug|Any CPU
		{E535FC6C-2353-4D89-8998-2A95BD57190D}.Debug|Any CPU.Build.0 = Debug|Any CPU
		{E535FC6C-2353-4D89-8998-2A95BD57190D}.Debug|x64.ActiveCfg = Debug|Any CPU
		{E535FC6C-2353-4D89-8998-2A95BD57190D}.Debug|x64.Build.0 = Debug|Any CPU
		{E535FC6C-2353-4D89-8998-2A95BD57190D}.Debug|x86.ActiveCfg = Debug|Any CPU
		{E535FC6C-2353-4D89-8998-2A95BD57190D}.Debug|x86.Build.0 = Debug|Any CPU
		{E535FC6C-2353-4D89-8998-2A95BD57190D}.Release|Any CPU.ActiveCfg = Release|Any CPU
		{E535FC6C-2353-4D89-8998-2A95BD57190D}.Release|Any CPU.Build.0 = Release|Any CPU
		{E535FC6C-2353-4D89-8998-2A95BD57190D}.Release|x64.ActiveCfg = Release|Any CPU
		{E535FC6C-2353-4D89-8998-2A95BD57190D}.Release|x64.Build.0 = Release|Any CPU
		{E535FC6C-2353-4D89-8998-2A95BD57190D}.Release|x86.ActiveCfg = Release|Any CPU
		{E535FC6C-2353-4D89-8998-2A95BD57190D}.Release|x86.Build.0 = Release|Any CPU
		{9EB53EB5-9EEB-4B13-B5E9-81D7AC9895BF}.Debug|Any CPU.ActiveCfg = Debug|Any CPU
		{9EB53EB5-9EEB-4B13-B5E9-81D7AC9895BF}.Debug|Any CPU.Build.0 = Debug|Any CPU
		{9EB53EB5-9EEB-4B13-B5E9-81D7AC9895BF}.Debug|x64.ActiveCfg = Debug|Any CPU
		{9EB53EB5-9EEB-4B13-B5E9-81D7AC9895BF}.Debug|x64.Build.0 = Debug|Any CPU
		{9EB53EB5-9EEB-4B13-B5E9-81D7AC9895BF}.Debug|x86.ActiveCfg = Debug|Any CPU
		{9EB53EB5-9EEB-4B13-B5E9-81D7AC9895BF}.Debug|x86.Build.0 = Debug|Any CPU
		{9EB53EB5-9EEB-4B13-B5E9-81D7AC9895BF}.Release|Any CPU.ActiveCfg = Release|Any CPU
		{9EB53EB5-9EEB-4B13-B5E9-81D7AC9895BF}.Release|Any CPU.Build.0 = Release|Any CPU
		{9EB53EB5-9EEB-4B13-B5E9-81D7AC9895BF}.Release|x64.ActiveCfg = Release|Any CPU
		{9EB53EB5-9EEB-4B13-B5E9-81D7AC9895BF}.Release|x64.Build.0 = Release|Any CPU
		{9EB53EB5-9EEB-4B13-B5E9-81D7AC9895BF}.Release|x86.ActiveCfg = Release|Any CPU
		{9EB53EB5-9EEB-4B13-B5E9-81D7AC9895BF}.Release|x86.Build.0 = Release|Any CPU
	EndGlobalSection
	GlobalSection(SolutionProperties) = preSolution
		HideSolutionNode = FALSE
	EndGlobalSection
	GlobalSection(NestedProjects) = preSolution
		{2846960B-458D-CC0E-C8DB-AC1015F792C2} = {0AB3BF05-4346-4AA6-1389-037BE0695223}
		{020A9082-2C92-4500-97E0-540DC3651BA5} = {2846960B-458D-CC0E-C8DB-AC1015F792C2}
		{069E58CB-8ACA-A971-A97F-25ADBC427534} = {827E0CD3-B72D-47B6-A68D-7590B98EB39B}
		{326385F0-92E5-46E3-B948-1B50B4FF010A} = {069E58CB-8ACA-A971-A97F-25ADBC427534}
		{16DD7BEF-5073-46C1-8727-F0BF455980CE} = {827E0CD3-B72D-47B6-A68D-7590B98EB39B}
		{E535FC6C-2353-4D89-8998-2A95BD57190D} = {0AB3BF05-4346-4AA6-1389-037BE0695223}
		{9EB53EB5-9EEB-4B13-B5E9-81D7AC9895BF} = {0AB3BF05-4346-4AA6-1389-037BE0695223}
	EndGlobalSection
EndGlobal
